
Microsoft Visual Studio Solution File, Format Version 12.00
# Visual Studio Version 16
VisualStudioVersion = 16.0.30114.105
MinimumVisualStudioVersion = 10.0.40219.1
Project("{8BC9CEB8-8B4A-11D0-8D11-00A0C91BC942}") = "Project9", "Project9\Project9.vcxproj", "{643989FB-C071-46E6-98AE-438BA51507E3}"
EndProject
Global
	GlobalSection(SolutionConfigurationPlatforms) = preSolution
		Debug|x64 = Debug|x64
		Debug|x86 = Debug|x86
		Release|x64 = Release|x64
		Release|x86 = Release|x86
	EndGlobalSection
	GlobalSection(ProjectConfigurationPlatforms) = postSolution
		{643989FB-C071-46E6-98AE-438BA51507E3}.Debug|x64.ActiveCfg = Debug|x64
		{643989FB-C071-46E6-98AE-438BA51507E3}.Debug|x64.Build.0 = Debug|x64
		{643989FB-C071-46E6-98AE-438BA51507E3}.Debug|x86.ActiveCfg = Debug|Win32
		{643989FB-C071-46E6-98AE-438BA51507E3}.Debug|x86.Build.0 = Debug|Win32
		{643989FB-C071-46E6-98AE-438BA51507E3}.Release|x64.ActiveCfg = Release|x64
		{643989FB-C071-46E6-98AE-438BA51507E3}.Release|x64.Build.0 = Release|x64
		{643989FB-C071-46E6-98AE-438BA51507E3}.Release|x86.ActiveCfg = Release|Win32
		{643989FB-C071-46E6-98AE-438BA51507E3}.Release|x86.Build.0 = Release|Win32
	EndGlobalSection
	GlobalSection(SolutionProperties) = preSolution
		HideSolutionNode = FALSE
	EndGlobalSection
	GlobalSection(ExtensibilityGlobals) = postSolution
		SolutionGuid = {8E1EE269-D1DB-43B3-8537-32E24C57B386}
	EndGlobalSection
EndGlobal
